// !$*UTF8*$!
{
	archiveVersion = 1;
	classes = {
	};
	objectVersion = 46;
	objects = {

/* Begin PBXBuildFile section */
		561805251EAA132F004B5DE8 /* AppDelegate.swift in Sources */ = {isa = PBXBuildFile; fileRef = 561805241EAA132F004B5DE8 /* AppDelegate.swift */; };
		561805271EAA132F004B5DE8 /* ViewController.swift in Sources */ = {isa = PBXBuildFile; fileRef = 561805261EAA132F004B5DE8 /* ViewController.swift */; };
		5618052A1EAA132F004B5DE8 /* Main.storyboard in Resources */ = {isa = PBXBuildFile; fileRef = 561805281EAA132F004B5DE8 /* Main.storyboard */; };
		5618052C1EAA132F004B5DE8 /* Assets.xcassets in Resources */ = {isa = PBXBuildFile; fileRef = 5618052B1EAA132F004B5DE8 /* Assets.xcassets */; };
		5618052F1EAA132F004B5DE8 /* LaunchScreen.storyboard in Resources */ = {isa = PBXBuildFile; fileRef = 5618052D1EAA132F004B5DE8 /* LaunchScreen.storyboard */; };
		5618053A1EAA132F004B5DE8 /* IAImagePickerExampleTests.swift in Sources */ = {isa = PBXBuildFile; fileRef = 561805391EAA132F004B5DE8 /* IAImagePickerExampleTests.swift */; };
		561805461EAA13A5004B5DE8 /* IAImagePicker.swift in Sources */ = {isa = PBXBuildFile; fileRef = 561805451EAA13A5004B5DE8 /* IAImagePicker.swift */; };
		56D091AC1EB09D0E00A5E405 /* IAImagePickerViewController.swift in Sources */ = {isa = PBXBuildFile; fileRef = 56D091AB1EB09D0E00A5E405 /* IAImagePickerViewController.swift */; };
/* End PBXBuildFile section */

/* Begin PBXContainerItemProxy section */
		561805361EAA132F004B5DE8 /* PBXContainerItemProxy */ = {
			isa = PBXContainerItemProxy;
			containerPortal = 561805191EAA132E004B5DE8 /* Project object */;
			proxyType = 1;
			remoteGlobalIDString = 561805201EAA132F004B5DE8;
			remoteInfo = IAImagePickerExample;
		};
/* End PBXContainerItemProxy section */

/* Begin PBXFileReference section */
		561805211EAA132F004B5DE8 /* IAImagePickerExample.app */ = {isa = PBXFileReference; explicitFileType = wrapper.application; includeInIndex = 0; path = IAImagePickerExample.app; sourceTree = BUILT_PRODUCTS_DIR; };
		561805241EAA132F004B5DE8 /* AppDelegate.swift */ = {isa = PBXFileReference; lastKnownFileType = sourcecode.swift; path = AppDelegate.swift; sourceTree = "<group>"; };
		561805261EAA132F004B5DE8 /* ViewController.swift */ = {isa = PBXFileReference; lastKnownFileType = sourcecode.swift; path = ViewController.swift; sourceTree = "<group>"; };
		561805291EAA132F004B5DE8 /* Base */ = {isa = PBXFileReference; lastKnownFileType = file.storyboard; name = Base; path = Base.lproj/Main.storyboard; sourceTree = "<group>"; };
		5618052B1EAA132F004B5DE8 /* Assets.xcassets */ = {isa = PBXFileReference; lastKnownFileType = folder.assetcatalog; path = Assets.xcassets; sourceTree = "<group>"; };
		5618052E1EAA132F004B5DE8 /* Base */ = {isa = PBXFileReference; lastKnownFileType = file.storyboard; name = Base; path = Base.lproj/LaunchScreen.storyboard; sourceTree = "<group>"; };
		561805301EAA132F004B5DE8 /* Info.plist */ = {isa = PBXFileReference; lastKnownFileType = text.plist.xml; path = Info.plist; sourceTree = "<group>"; };
		561805351EAA132F004B5DE8 /* IAImagePickerExampleTests.xctest */ = {isa = PBXFileReference; explicitFileType = wrapper.cfbundle; includeInIndex = 0; path = IAImagePickerExampleTests.xctest; sourceTree = BUILT_PRODUCTS_DIR; };
		561805391EAA132F004B5DE8 /* IAImagePickerExampleTests.swift */ = {isa = PBXFileReference; lastKnownFileType = sourcecode.swift; path = IAImagePickerExampleTests.swift; sourceTree = "<group>"; };
		5618053B1EAA132F004B5DE8 /* Info.plist */ = {isa = PBXFileReference; lastKnownFileType = text.plist.xml; path = Info.plist; sourceTree = "<group>"; };
		561805451EAA13A5004B5DE8 /* IAImagePicker.swift */ = {isa = PBXFileReference; fileEncoding = 4; lastKnownFileType = sourcecode.swift; path = IAImagePicker.swift; sourceTree = "<group>"; };
		56D091AB1EB09D0E00A5E405 /* IAImagePickerViewController.swift */ = {isa = PBXFileReference; fileEncoding = 4; lastKnownFileType = sourcecode.swift; path = IAImagePickerViewController.swift; sourceTree = "<group>"; };
/* End PBXFileReference section */

/* Begin PBXFrameworksBuildPhase section */
		5618051E1EAA132F004B5DE8 /* Frameworks */ = {
			isa = PBXFrameworksBuildPhase;
			buildActionMask = 2147483647;
			files = (
			);
			runOnlyForDeploymentPostprocessing = 0;
		};
		561805321EAA132F004B5DE8 /* Frameworks */ = {
			isa = PBXFrameworksBuildPhase;
			buildActionMask = 2147483647;
			files = (
			);
			runOnlyForDeploymentPostprocessing = 0;
		};
/* End PBXFrameworksBuildPhase section */

/* Begin PBXGroup section */
		561805181EAA132E004B5DE8 = {
			isa = PBXGroup;
			children = (
				561805231EAA132F004B5DE8 /* IAImagePickerExample */,
				561805381EAA132F004B5DE8 /* IAImagePickerExampleTests */,
				561805221EAA132F004B5DE8 /* Products */,
			);
			sourceTree = "<group>";
		};
		561805221EAA132F004B5DE8 /* Products */ = {
			isa = PBXGroup;
			children = (
				561805211EAA132F004B5DE8 /* IAImagePickerExample.app */,
				561805351EAA132F004B5DE8 /* IAImagePickerExampleTests.xctest */,
			);
			name = Products;
			sourceTree = "<group>";
		};
		561805231EAA132F004B5DE8 /* IAImagePickerExample */ = {
			isa = PBXGroup;
			children = (
				561805441EAA136C004B5DE8 /* IAImagePicker */,
				561805241EAA132F004B5DE8 /* AppDelegate.swift */,
				561805261EAA132F004B5DE8 /* ViewController.swift */,
				56D091AB1EB09D0E00A5E405 /* IAImagePickerViewController.swift */,
				561805281EAA132F004B5DE8 /* Main.storyboard */,
				5618052B1EAA132F004B5DE8 /* Assets.xcassets */,
				5618052D1EAA132F004B5DE8 /* LaunchScreen.storyboard */,
				561805301EAA132F004B5DE8 /* Info.plist */,
			);
			path = IAImagePickerExample;
			sourceTree = "<group>";
		};
		561805381EAA132F004B5DE8 /* IAImagePickerExampleTests */ = {
			isa = PBXGroup;
			children = (
				561805391EAA132F004B5DE8 /* IAImagePickerExampleTests.swift */,
				5618053B1EAA132F004B5DE8 /* Info.plist */,
			);
			path = IAImagePickerExampleTests;
			sourceTree = "<group>";
		};
		561805441EAA136C004B5DE8 /* IAImagePicker */ = {
			isa = PBXGroup;
			children = (
				561805451EAA13A5004B5DE8 /* IAImagePicker.swift */,
			);
			name = IAImagePicker;
			sourceTree = "<group>";
		};
/* End PBXGroup section */

/* Begin PBXNativeTarget section */
		561805201EAA132F004B5DE8 /* IAImagePickerExample */ = {
			isa = PBXNativeTarget;
			buildConfigurationList = 5618053E1EAA132F004B5DE8 /* Build configuration list for PBXNativeTarget "IAImagePickerExample" */;
			buildPhases = (
				5618051D1EAA132F004B5DE8 /* Sources */,
				5618051E1EAA132F004B5DE8 /* Frameworks */,
				5618051F1EAA132F004B5DE8 /* Resources */,
			);
			buildRules = (
			);
			dependencies = (
			);
			name = IAImagePickerExample;
			productName = IAImagePickerExample;
			productReference = 561805211EAA132F004B5DE8 /* IAImagePickerExample.app */;
			productType = "com.apple.product-type.application";
		};
		561805341EAA132F004B5DE8 /* IAImagePickerExampleTests */ = {
			isa = PBXNativeTarget;
			buildConfigurationList = 561805411EAA132F004B5DE8 /* Build configuration list for PBXNativeTarget "IAImagePickerExampleTests" */;
			buildPhases = (
				561805311EAA132F004B5DE8 /* Sources */,
				561805321EAA132F004B5DE8 /* Frameworks */,
				561805331EAA132F004B5DE8 /* Resources */,
			);
			buildRules = (
			);
			dependencies = (
				561805371EAA132F004B5DE8 /* PBXTargetDependency */,
			);
			name = IAImagePickerExampleTests;
			productName = IAImagePickerExampleTests;
			productReference = 561805351EAA132F004B5DE8 /* IAImagePickerExampleTests.xctest */;
			productType = "com.apple.product-type.bundle.unit-test";
		};
/* End PBXNativeTarget section */

/* Begin PBXProject section */
		561805191EAA132E004B5DE8 /* Project object */ = {
			isa = PBXProject;
			attributes = {
				LastSwiftUpdateCheck = 0830;
				LastUpgradeCheck = 0830;
				ORGANIZATIONNAME = Innotical;
				TargetAttributes = {
					561805201EAA132F004B5DE8 = {
						CreatedOnToolsVersion = 8.3;
						DevelopmentTeam = 4RCKDZVQ59;
						ProvisioningStyle = Automatic;
					};
					561805341EAA132F004B5DE8 = {
						CreatedOnToolsVersion = 8.3;
						DevelopmentTeam = 4RCKDZVQ59;
						ProvisioningStyle = Automatic;
						TestTargetID = 561805201EAA132F004B5DE8;
					};
				};
			};
			buildConfigurationList = 5618051C1EAA132E004B5DE8 /* Build configuration list for PBXProject "IAImagePickerExample" */;
			compatibilityVersion = "Xcode 3.2";
			developmentRegion = English;
			hasScannedForEncodings = 0;
			knownRegions = (
				en,
				Base,
			);
			mainGroup = 561805181EAA132E004B5DE8;
			productRefGroup = 561805221EAA132F004B5DE8 /* Products */;
			projectDirPath = "";
			projectRoot = "";
			targets = (
				561805201EAA132F004B5DE8 /* IAImagePickerExample */,
				561805341EAA132F004B5DE8 /* IAImagePickerExampleTests */,
			);
		};
/* End PBXProject section */

/* Begin PBXResourcesBuildPhase section */
		5618051F1EAA132F004B5DE8 /* Resources */ = {
			isa = PBXResourcesBuildPhase;
			buildActionMask = 2147483647;
			files = (
				5618052F1EAA132F004B5DE8 /* LaunchScreen.storyboard in Resources */,
				5618052C1EAA132F004B5DE8 /* Assets.xcassets in Resources */,
				5618052A1EAA132F004B5DE8 /* Main.storyboard in Resources */,
			);
			runOnlyForDeploymentPostprocessing = 0;
		};
		561805331EAA132F004B5DE8 /* Resources */ = {
			isa = PBXResourcesBuildPhase;
			buildActionMask = 2147483647;
			files = (
			);
			runOnlyForDeploymentPostprocessing = 0;
		};
/* End PBXResourcesBuildPhase section */

/* Begin PBXSourcesBuildPhase section */
		5618051D1EAA132F004B5DE8 /* Sources */ = {
			isa = PBXSourcesBuildPhase;
			buildActionMask = 2147483647;
			files = (
				561805271EAA132F004B5DE8 /* ViewController.swift in Sources */,
				561805251EAA132F004B5DE8 /* AppDelegate.swift in Sources */,
				56D091AC1EB09D0E00A5E405 /* IAImagePickerViewController.swift in Sources */,
				561805461EAA13A5004B5DE8 /* IAImagePicker.swift in Sources */,
			);
			runOnlyForDeploymentPostprocessing = 0;
		};
		561805311EAA132F004B5DE8 /* Sources */ = {
			isa = PBXSourcesBuildPhase;
			buildActionMask = 2147483647;
			files = (
				5618053A1EAA132F004B5DE8 /* IAImagePickerExampleTests.swift in Sources */,
			);
			runOnlyForDeploymentPostprocessing = 0;
		};
/* End PBXSourcesBuildPhase section */

/* Begin PBXTargetDependency section */
		561805371EAA132F004B5DE8 /* PBXTargetDependency */ = {
			isa = PBXTargetDependency;
			target = 561805201EAA132F004B5DE8 /* IAImagePickerExample */;
			targetProxy = 561805361EAA132F004B5DE8 /* PBXContainerItemProxy */;
		};
/* End PBXTargetDependency section */

/* Begin PBXVariantGroup section */
		561805281EAA132F004B5DE8 /* Main.storyboard */ = {
			isa = PBXVariantGroup;
			children = (
				561805291EAA132F004B5DE8 /* Base */,
			);
			name = Main.storyboard;
			sourceTree = "<group>";
		};
		5618052D1EAA132F004B5DE8 /* LaunchScreen.storyboard */ = {
			isa = PBXVariantGroup;
			children = (
				5618052E1EAA132F004B5DE8 /* Base */,
			);
			name = LaunchScreen.storyboard;
			sourceTree = "<group>";
		};
/* End PBXVariantGroup section */

/* Begin XCBuildConfiguration section */
		5618053C1EAA132F004B5DE8 /* Debug */ = {
			isa = XCBuildConfiguration;
			buildSettings = {
				ALWAYS_SEARCH_USER_PATHS = NO;
				CLANG_ANALYZER_NONNULL = YES;
				CLANG_ANALYZER_NUMBER_OBJECT_CONVERSION = YES_AGGRESSIVE;
				CLANG_CXX_LANGUAGE_STANDARD = "gnu++0x";
				CLANG_CXX_LIBRARY = "libc++";
				CLANG_ENABLE_MODULES = YES;
				CLANG_ENABLE_OBJC_ARC = YES;
				CLANG_WARN_BOOL_CONVERSION = YES;
				CLANG_WARN_CONSTANT_CONVERSION = YES;
				CLANG_WARN_DIRECT_OBJC_ISA_USAGE = YES_ERROR;
				CLANG_WARN_DOCUMENTATION_COMMENTS = YES;
				CLANG_WARN_EMPTY_BODY = YES;
				CLANG_WARN_ENUM_CONVERSION = YES;
				CLANG_WARN_INFINITE_RECURSION = YES;
				CLANG_WARN_INT_CONVERSION = YES;
				CLANG_WARN_OBJC_ROOT_CLASS = YES_ERROR;
				CLANG_WARN_SUSPICIOUS_MOVE = YES;
				CLANG_WARN_UNREACHABLE_CODE = YES;
				CLANG_WARN__DUPLICATE_METHOD_MATCH = YES;
				"CODE_SIGN_IDENTITY[sdk=iphoneos*]" = "iPhone Developer";
				COPY_PHASE_STRIP = NO;
				DEBUG_INFORMATION_FORMAT = dwarf;
				ENABLE_STRICT_OBJC_MSGSEND = YES;
				ENABLE_TESTABILITY = YES;
				GCC_C_LANGUAGE_STANDARD = gnu99;
				GCC_DYNAMIC_NO_PIC = NO;
				GCC_NO_COMMON_BLOCKS = YES;
				GCC_OPTIMIZATION_LEVEL = 0;
				GCC_PREPROCESSOR_DEFINITIONS = (
					"DEBUG=1",
					"$(inherited)",
				);
				GCC_WARN_64_TO_32_BIT_CONVERSION = YES;
				GCC_WARN_ABOUT_RETURN_TYPE = YES_ERROR;
				GCC_WARN_UNDECLARED_SELECTOR = YES;
				GCC_WARN_UNINITIALIZED_AUTOS = YES_AGGRESSIVE;
				GCC_WARN_UNUSED_FUNCTION = YES;
				GCC_WARN_UNUSED_VARIABLE = YES;
				IPHONEOS_DEPLOYMENT_TARGET = 10.3;
				MTL_ENABLE_DEBUG_INFO = YES;
				ONLY_ACTIVE_ARCH = YES;
				SDKROOT = iphoneos;
				SWIFT_ACTIVE_COMPILATION_CONDITIONS = DEBUG;
				SWIFT_OPTIMIZATION_LEVEL = "-Onone";
				TARGETED_DEVICE_FAMILY = "1,2";
			};
			name = Debug;
		};
		5618053D1EAA132F004B5DE8 /* Release */ = {
			isa = XCBuildConfiguration;
			buildSettings = {
				ALWAYS_SEARCH_USER_PATHS = NO;
				CLANG_ANALYZER_NONNULL = YES;
				CLANG_ANALYZER_NUMBER_OBJECT_CONVERSION = YES_AGGRESSIVE;
				CLANG_CXX_LANGUAGE_STANDARD = "gnu++0x";
				CLANG_CXX_LIBRARY = "libc++";
				CLANG_ENABLE_MODULES = YES;
				CLANG_ENABLE_OBJC_ARC = YES;
				CLANG_WARN_BOOL_CONVERSION = YES;
				CLANG_WARN_CONSTANT_CONVERSION = YES;
				CLANG_WARN_DIRECT_OBJC_ISA_USAGE = YES_ERROR;
				CLANG_WARN_DOCUMENTATION_COMMENTS = YES;
				CLANG_WARN_EMPTY_BODY = YES;
				CLANG_WARN_ENUM_CONVERSION = YES;
				CLANG_WARN_INFINITE_RECURSION = YES;
				CLANG_WARN_INT_CONVERSION = YES;
				CLANG_WARN_OBJC_ROOT_CLASS = YES_ERROR;
				CLANG_WARN_SUSPICIOUS_MOVE = YES;
				CLANG_WARN_UNREACHABLE_CODE = YES;
				CLANG_WARN__DUPLICATE_METHOD_MATCH = YES;
				"CODE_SIGN_IDENTITY[sdk=iphoneos*]" = "iPhone Developer";
				COPY_PHASE_STRIP = NO;
				DEBUG_INFORMATION_FORMAT = "dwarf-with-dsym";
				ENABLE_NS_ASSERTIONS = NO;
				ENABLE_STRICT_OBJC_MSGSEND = YES;
				GCC_C_LANGUAGE_STANDARD = gnu99;
				GCC_NO_COMMON_BLOCKS = YES;
				GCC_WARN_64_TO_32_BIT_CONVERSION = YES;
				GCC_WARN_ABOUT_RETURN_TYPE = YES_ERROR;
				GCC_WARN_UNDECLARED_SELECTOR = YES;
				GCC_WARN_UNINITIALIZED_AUTOS = YES_AGGRESSIVE;
				GCC_WARN_UNUSED_FUNCTION = YES;
				GCC_WARN_UNUSED_VARIABLE = YES;
				IPHONEOS_DEPLOYMENT_TARGET = 10.3;
				MTL_ENABLE_DEBUG_INFO = NO;
				SDKROOT = iphoneos;
				SWIFT_OPTIMIZATION_LEVEL = "-Owholemodule";
				TARGETED_DEVICE_FAMILY = "1,2";
				VALIDATE_PRODUCT = YES;
			};
			name = Release;
		};
		5618053F1EAA132F004B5DE8 /* Debug */ = {
			isa = XCBuildConfiguration;
			buildSettings = {
				ASSETCATALOG_COMPILER_APPICON_NAME = AppIcon;
				DEVELOPMENT_TEAM = 4RCKDZVQ59;
				INFOPLIST_FILE = IAImagePickerExample/Info.plist;
				IPHONEOS_DEPLOYMENT_TARGET = 9.0;
				LD_RUNPATH_SEARCH_PATHS = "$(inherited) @executable_path/Frameworks";
				PRODUCT_BUNDLE_IDENTIFIER = com.infinite.IAImagePickerExample;
				PRODUCT_NAME = "$(TARGET_NAME)";
				SWIFT_VERSION = 3.0;
			};
			name = Debug;
		};
		561805401EAA132F004B5DE8 /* Release */ = {
			isa = XCBuildConfiguration;
			buildSettings = {
				ASSETCATALOG_COMPILER_APPICON_NAME = AppIcon;
				DEVELOPMENT_TEAM = 4RCKDZVQ59;
				INFOPLIST_FILE = IAImagePickerExample/Info.plist;
				IPHONEOS_DEPLOYMENT_TARGET = 9.0;
				LD_RUNPATH_SEARCH_PATHS = "$(inherited) @executable_path/Frameworks";
				PRODUCT_BUNDLE_IDENTIFIER = com.infinite.IAImagePickerExample;
				PRODUCT_NAME = "$(TARGET_NAME)";
				SWIFT_VERSION = 3.0;
			};
			name = Release;
		};
		561805421EAA132F004B5DE8 /* Debug */ = {
			isa = XCBuildConfiguration;
			buildSettings = {
				ALWAYS_EMBED_SWIFT_STANDARD_LIBRARIES = YES;
				BUNDLE_LOADER = "$(TEST_HOST)";
				DEVELOPMENT_TEAM = 4RCKDZVQ59;
				INFOPLIST_FILE = IAImagePickerExampleTests/Info.plist;
				LD_RUNPATH_SEARCH_PATHS = "$(inherited) @executable_path/Frameworks @loader_path/Frameworks";
				PRODUCT_BUNDLE_IDENTIFIER = com.infinite.IAImagePickerExampleTests;
				PRODUCT_NAME = "$(TARGET_NAME)";
				SWIFT_VERSION = 3.0;
				TEST_HOST = "$(BUILT_PRODUCTS_DIR)/IAImagePickerExample.app/IAImagePickerExample";
			};
			name = Debug;
		};
		561805431EAA132F004B5DE8 /* Release */ = {
			isa = XCBuildConfiguration;
			buildSettings = {
				ALWAYS_EMBED_SWIFT_STANDARD_LIBRARIES = YES;
				BUNDLE_LOADER = "$(TEST_HOST)";
				DEVELOPMENT_TEAM = 4RCKDZVQ59;
				INFOPLIST_FILE = IAImagePickerExampleTests/Info.plist;
				LD_RUNPATH_SEARCH_PATHS = "$(inherited) @executable_path/Frameworks @loader_path/Frameworks";
				PRODUCT_BUNDLE_IDENTIFIER = com.infinite.IAImagePickerExampleTests;
				PRODUCT_NAME = "$(TARGET_NAME)";
				SWIFT_VERSION = 3.0;
				TEST_HOST = "$(BUILT_PRODUCTS_DIR)/IAImagePickerExample.app/IAImagePickerExample";
			};
			name = Release;
		};
/* End XCBuildConfiguration section */

/* Begin XCConfigurationList section */
		5618051C1EAA132E004B5DE8 /* Build configuration list for PBXProject "IAImagePickerExample" */ = {
			isa = XCConfigurationList;
			buildConfigurations = (
				5618053C1EAA132F004B5DE8 /* Debug */,
				5618053D1EAA132F004B5DE8 /* Release */,
			);
			defaultConfigurationIsVisible = 0;
			defaultConfigurationName = Release;
		};
		5618053E1EAA132F004B5DE8 /* Build configuration list for PBXNativeTarget "IAImagePickerExample" */ = {
			isa = XCConfigurationList;
			buildConfigurations = (
				5618053F1EAA132F004B5DE8 /* Debug */,
				561805401EAA132F004B5DE8 /* Release */,
			);
			defaultConfigurationIsVisible = 0;
			defaultConfigurationName = Release;
		};
		561805411EAA132F004B5DE8 /* Build configuration list for PBXNativeTarget "IAImagePickerExampleTests" */ = {
			isa = XCConfigurationList;
			buildConfigurations = (
				561805421EAA132F004B5DE8 /* Debug */,
				561805431EAA132F004B5DE8 /* Release */,
			);
			defaultConfigurationIsVisible = 0;
			defaultConfigurationName = Release;
		};
/* End XCConfigurationList section */
	};
	rootObject = 561805191EAA132E004B5DE8 /* Project object */;
}
